// !$*UTF8*$!
{
	archiveVersion = 1;
	classes = {
	};
	objectVersion = 46;
	objects = {

/* Begin PBXBuildFile section */
		588FC3D1AF36496C8418FBFC /* libPods-iKnowE.a in Frameworks */ = {isa = PBXBuildFile; fileRef = DB711FF645704458B029D483 /* libPods-iKnowE.a */; };
		DE00B2E817FC1EA600703C82 /* Neometric-Medium.otf in Resources */ = {isa = PBXBuildFile; fileRef = DE00B2E617FC1EA600703C82 /* Neometric-Medium.otf */; };
		DE00B2EF17FC26B300703C82 /* CicleFina.ttf in Resources */ = {isa = PBXBuildFile; fileRef = DE00B2EE17FC26B300703C82 /* CicleFina.ttf */; };
		DE00B2F117FC273C00703C82 /* CicleSemi.ttf in Resources */ = {isa = PBXBuildFile; fileRef = DE00B2F017FC273C00703C82 /* CicleSemi.ttf */; };
		DE0D44AF1800745500E00F35 /* EKPlaceholderTextView.m in Sources */ = {isa = PBXBuildFile; fileRef = DE0D44AE1800745500E00F35 /* EKPlaceholderTextView.m */; };
		DE0F155E17F788B000DF4778 /* Additive.m in Sources */ = {isa = PBXBuildFile; fileRef = DE0F155D17F788B000DF4778 /* Additive.m */; };
		DE1B08F317EE0C6700164B62 /* EKDetailViewController.m in Sources */ = {isa = PBXBuildFile; fileRef = DE1B08DC17EE0C6600164B62 /* EKDetailViewController.m */; };
		DE1B08F417EE0C6700164B62 /* EKListViewController.m in Sources */ = {isa = PBXBuildFile; fileRef = DE1B08DE17EE0C6600164B62 /* EKListViewController.m */; };
		DE1B08F517EE0C6700164B62 /* EKAppDelegate.m in Sources */ = {isa = PBXBuildFile; fileRef = DE1B08E017EE0C6600164B62 /* EKAppDelegate.m */; };
		DE1B08F617EE0C6700164B62 /* EKPlistDataProvider.m in Sources */ = {isa = PBXBuildFile; fileRef = DE1B08E317EE0C6600164B62 /* EKPlistDataProvider.m */; };
		DE1B08F717EE0C6700164B62 /* additivies.plist in Resources */ = {isa = PBXBuildFile; fileRef = DE1B08E517EE0C6600164B62 /* additivies.plist */; };
		DE1B08F817EE0C6700164B62 /* categories.plist in Resources */ = {isa = PBXBuildFile; fileRef = DE1B08E617EE0C6600164B62 /* categories.plist */; };
		DE1B08F917EE0C6700164B62 /* InfoPlist.strings in Resources */ = {isa = PBXBuildFile; fileRef = DE1B08E817EE0C6600164B62 /* InfoPlist.strings */; };
		DE1B08FB17EE0C6700164B62 /* main.m in Sources */ = {isa = PBXBuildFile; fileRef = DE1B08EC17EE0C6600164B62 /* main.m */; };
		DE1B08FC17EE0C6700164B62 /* Default-568h@2x.png in Resources */ = {isa = PBXBuildFile; fileRef = DE1B08EF17EE0C6600164B62 /* Default-568h@2x.png */; };
		DE1B08FD17EE0C6700164B62 /* Default.png in Resources */ = {isa = PBXBuildFile; fileRef = DE1B08F017EE0C6600164B62 /* Default.png */; };
		DE1B08FE17EE0C6700164B62 /* Default@2x.png in Resources */ = {isa = PBXBuildFile; fileRef = DE1B08F117EE0C6600164B62 /* Default@2x.png */; };
		DE27EDAA17F50295001A183E /* UserAdditive.xcdatamodeld in Sources */ = {isa = PBXBuildFile; fileRef = DE27EDA817F50295001A183E /* UserAdditive.xcdatamodeld */; };
		DE44991517F0DE9C0091519D /* CoreData.framework in Frameworks */ = {isa = PBXBuildFile; fileRef = DE44991417F0DE9C0091519D /* CoreData.framework */; };
		DE44991817F0DEEA0091519D /* EKCoreDataProvider.m in Sources */ = {isa = PBXBuildFile; fileRef = DE44991717F0DEE90091519D /* EKCoreDataProvider.m */; };
		DE4B783A17F20ACD003F96F5 /* cnacel-bt@2x.png in Resources */ = {isa = PBXBuildFile; fileRef = DE4B783817F20ACD003F96F5 /* cnacel-bt@2x.png */; };
		DE4B783B17F20ACD003F96F5 /* reject@2x.png in Resources */ = {isa = PBXBuildFile; fileRef = DE4B783917F20ACD003F96F5 /* reject@2x.png */; };
		DE518B8617DE880000B1206A /* UIKit.framework in Frameworks */ = {isa = PBXBuildFile; fileRef = DE518B8517DE880000B1206A /* UIKit.framework */; };
		DE518B8817DE880000B1206A /* Foundation.framework in Frameworks */ = {isa = PBXBuildFile; fileRef = DE518B8717DE880000B1206A /* Foundation.framework */; };
		DE518B8A17DE880000B1206A /* CoreGraphics.framework in Frameworks */ = {isa = PBXBuildFile; fileRef = DE518B8917DE880000B1206A /* CoreGraphics.framework */; };
		DE763D4617F35FA0009BB3BE /* EKAddEViewController.m in Sources */ = {isa = PBXBuildFile; fileRef = DE763D4517F35FA0009BB3BE /* EKAddEViewController.m */; };
		DE763D4917F36745009BB3BE /* EKAddEView.m in Sources */ = {isa = PBXBuildFile; fileRef = DE763D4817F36745009BB3BE /* EKAddEView.m */; };
		DE78634617EF21B2001CBA06 /* EKListView.m in Sources */ = {isa = PBXBuildFile; fileRef = DE78634517EF21B2001CBA06 /* EKListView.m */; };
		DE78634917EF2C74001CBA06 /* EKListViewTableProvider.m in Sources */ = {isa = PBXBuildFile; fileRef = DE78634817EF2C74001CBA06 /* EKListViewTableProvider.m */; };
		DE78634C17EF2CAD001CBA06 /* EKAdditiveDescription.m in Sources */ = {isa = PBXBuildFile; fileRef = DE78634B17EF2CAD001CBA06 /* EKAdditiveDescription.m */; };
		DE78634F17EF3F99001CBA06 /* EKDetailView.m in Sources */ = {isa = PBXBuildFile; fileRef = DE78634E17EF3F99001CBA06 /* EKDetailView.m */; };
		DE78635417EF884F001CBA06 /* search_background.png in Resources */ = {isa = PBXBuildFile; fileRef = DE78635017EF884F001CBA06 /* search_background.png */; };
		DE78635517EF884F001CBA06 /* search_background@2x.png in Resources */ = {isa = PBXBuildFile; fileRef = DE78635117EF884F001CBA06 /* search_background@2x.png */; };
		DE78635617EF884F001CBA06 /* search.png in Resources */ = {isa = PBXBuildFile; fileRef = DE78635217EF884F001CBA06 /* search.png */; };
		DE78635717EF884F001CBA06 /* search@2x.png in Resources */ = {isa = PBXBuildFile; fileRef = DE78635317EF884F001CBA06 /* search@2x.png */; };
		DE834C4D17EE48C6000714A6 /* QuartzCore.framework in Frameworks */ = {isa = PBXBuildFile; fileRef = DE834C4C17EE48C6000714A6 /* QuartzCore.framework */; };
		DEB0112B17FACFAB00304485 /* EKSettingsProvider.m in Sources */ = {isa = PBXBuildFile; fileRef = DEB0112A17FACFAB00304485 /* EKSettingsProvider.m */; };
		DEB4CFFA17F5C533007BBB30 /* EKAttributedStringUtil.m in Sources */ = {isa = PBXBuildFile; fileRef = DEB4CFF917F5C533007BBB30 /* EKAttributedStringUtil.m */; };
		DEB4D00017F5E4A5007BBB30 /* EKTextField.m in Sources */ = {isa = PBXBuildFile; fileRef = DEB4CFFF17F5E4A5007BBB30 /* EKTextField.m */; };
		DED8648E17F8C6AF0055D77A /* EKTableSectionHeaderView.m in Sources */ = {isa = PBXBuildFile; fileRef = DED8648D17F8C6AE0055D77A /* EKTableSectionHeaderView.m */; };
		DEDFDC7B17FECDF1006D9FC6 /* bar.png in Resources */ = {isa = PBXBuildFile; fileRef = DEDFDC7A17FECDF1006D9FC6 /* bar.png */; };
/* End PBXBuildFile section */

/* Begin PBXFileReference section */
		C118995DA6184FBCAF3BD8F1 /* Pods-iKnowE.xcconfig */ = {isa = PBXFileReference; includeInIndex = 1; lastKnownFileType = text.xcconfig; name = "Pods-iKnowE.xcconfig"; path = "Pods/Pods-iKnowE.xcconfig"; sourceTree = "<group>"; };
		DB711FF645704458B029D483 /* libPods-iKnowE.a */ = {isa = PBXFileReference; explicitFileType = archive.ar; includeInIndex = 0; path = "libPods-iKnowE.a"; sourceTree = BUILT_PRODUCTS_DIR; };
		DE00B2E617FC1EA600703C82 /* Neometric-Medium.otf */ = {isa = PBXFileReference; lastKnownFileType = file; path = "Neometric-Medium.otf"; sourceTree = "<group>"; };
		DE00B2EE17FC26B300703C82 /* CicleFina.ttf */ = {isa = PBXFileReference; lastKnownFileType = file; path = CicleFina.ttf; sourceTree = "<group>"; };
		DE00B2F017FC273C00703C82 /* CicleSemi.ttf */ = {isa = PBXFileReference; lastKnownFileType = file; path = CicleSemi.ttf; sourceTree = "<group>"; };
		DE0D44AD1800745500E00F35 /* EKPlaceholderTextView.h */ = {isa = PBXFileReference; fileEncoding = 4; lastKnownFileType = sourcecode.c.h; path = EKPlaceholderTextView.h; sourceTree = "<group>"; };
		DE0D44AE1800745500E00F35 /* EKPlaceholderTextView.m */ = {isa = PBXFileReference; fileEncoding = 4; lastKnownFileType = sourcecode.c.objc; path = EKPlaceholderTextView.m; sourceTree = "<group>"; };
		DE0F155C17F788B000DF4778 /* Additive.h */ = {isa = PBXFileReference; fileEncoding = 4; lastKnownFileType = sourcecode.c.h; path = Additive.h; sourceTree = "<group>"; };
		DE0F155D17F788B000DF4778 /* Additive.m */ = {isa = PBXFileReference; fileEncoding = 4; lastKnownFileType = sourcecode.c.objc; path = Additive.m; sourceTree = "<group>"; };
		DE1B08DB17EE0C6600164B62 /* EKDetailViewController.h */ = {isa = PBXFileReference; fileEncoding = 4; lastKnownFileType = sourcecode.c.h; path = EKDetailViewController.h; sourceTree = "<group>"; };
		DE1B08DC17EE0C6600164B62 /* EKDetailViewController.m */ = {isa = PBXFileReference; fileEncoding = 4; lastKnownFileType = sourcecode.c.objc; path = EKDetailViewController.m; sourceTree = "<group>"; };
		DE1B08DD17EE0C6600164B62 /* EKListViewController.h */ = {isa = PBXFileReference; fileEncoding = 4; lastKnownFileType = sourcecode.c.h; path = EKListViewController.h; sourceTree = "<group>"; };
		DE1B08DE17EE0C6600164B62 /* EKListViewController.m */ = {isa = PBXFileReference; fileEncoding = 4; lastKnownFileType = sourcecode.c.objc; lineEnding = 0; path = EKListViewController.m; sourceTree = "<group>"; xcLanguageSpecificationIdentifier = xcode.lang.objc; };
		DE1B08DF17EE0C6600164B62 /* EKAppDelegate.h */ = {isa = PBXFileReference; fileEncoding = 4; lastKnownFileType = sourcecode.c.h; path = EKAppDelegate.h; sourceTree = "<group>"; };
		DE1B08E017EE0C6600164B62 /* EKAppDelegate.m */ = {isa = PBXFileReference; fileEncoding = 4; lastKnownFileType = sourcecode.c.objc; path = EKAppDelegate.m; sourceTree = "<group>"; };
		DE1B08E217EE0C6600164B62 /* EKPlistDataProvider.h */ = {isa = PBXFileReference; fileEncoding = 4; lastKnownFileType = sourcecode.c.h; path = EKPlistDataProvider.h; sourceTree = "<group>"; };
		DE1B08E317EE0C6600164B62 /* EKPlistDataProvider.m */ = {isa = PBXFileReference; fileEncoding = 4; lastKnownFileType = sourcecode.c.objc; path = EKPlistDataProvider.m; sourceTree = "<group>"; };
		DE1B08E517EE0C6600164B62 /* additivies.plist */ = {isa = PBXFileReference; fileEncoding = 4; lastKnownFileType = text.plist.xml; path = additivies.plist; sourceTree = "<group>"; };
		DE1B08E617EE0C6600164B62 /* categories.plist */ = {isa = PBXFileReference; fileEncoding = 4; lastKnownFileType = text.plist.xml; path = categories.plist; sourceTree = "<group>"; };
		DE1B08E917EE0C6600164B62 /* en */ = {isa = PBXFileReference; lastKnownFileType = text.plist.strings; name = en; path = en.lproj/InfoPlist.strings; sourceTree = "<group>"; };
		DE1B08EA17EE0C6600164B62 /* iKnowE-Info.plist */ = {isa = PBXFileReference; fileEncoding = 4; lastKnownFileType = text.plist.xml; path = "iKnowE-Info.plist"; sourceTree = "<group>"; };
		DE1B08EB17EE0C6600164B62 /* iKnowE-Prefix.pch */ = {isa = PBXFileReference; fileEncoding = 4; lastKnownFileType = sourcecode.c.h; path = "iKnowE-Prefix.pch"; sourceTree = "<group>"; };
		DE1B08EC17EE0C6600164B62 /* main.m */ = {isa = PBXFileReference; fileEncoding = 4; lastKnownFileType = sourcecode.c.objc; path = main.m; sourceTree = "<group>"; };
		DE1B08EF17EE0C6600164B62 /* Default-568h@2x.png */ = {isa = PBXFileReference; lastKnownFileType = image.png; path = "Default-568h@2x.png"; sourceTree = "<group>"; };
		DE1B08F017EE0C6600164B62 /* Default.png */ = {isa = PBXFileReference; lastKnownFileType = image.png; path = Default.png; sourceTree = "<group>"; };
		DE1B08F117EE0C6600164B62 /* Default@2x.png */ = {isa = PBXFileReference; lastKnownFileType = image.png; path = "Default@2x.png"; sourceTree = "<group>"; };
		DE27EDA917F50295001A183E /* UserAdditive.xcdatamodel */ = {isa = PBXFileReference; lastKnownFileType = wrapper.xcdatamodel; path = UserAdditive.xcdatamodel; sourceTree = "<group>"; };
		DE44991417F0DE9C0091519D /* CoreData.framework */ = {isa = PBXFileReference; lastKnownFileType = wrapper.framework; name = CoreData.framework; path = System/Library/Frameworks/CoreData.framework; sourceTree = SDKROOT; };
		DE44991617F0DEE90091519D /* EKCoreDataProvider.h */ = {isa = PBXFileReference; fileEncoding = 4; lastKnownFileType = sourcecode.c.h; path = EKCoreDataProvider.h; sourceTree = "<group>"; };
		DE44991717F0DEE90091519D /* EKCoreDataProvider.m */ = {isa = PBXFileReference; fileEncoding = 4; lastKnownFileType = sourcecode.c.objc; path = EKCoreDataProvider.m; sourceTree = "<group>"; };
		DE4B783817F20ACD003F96F5 /* cnacel-bt@2x.png */ = {isa = PBXFileReference; lastKnownFileType = image.png; path = "cnacel-bt@2x.png"; sourceTree = "<group>"; };
		DE4B783917F20ACD003F96F5 /* reject@2x.png */ = {isa = PBXFileReference; lastKnownFileType = image.png; path = "reject@2x.png"; sourceTree = "<group>"; };
		DE518B8217DE880000B1206A /* iKnowE.app */ = {isa = PBXFileReference; explicitFileType = wrapper.application; includeInIndex = 0; path = iKnowE.app; sourceTree = BUILT_PRODUCTS_DIR; };
		DE518B8517DE880000B1206A /* UIKit.framework */ = {isa = PBXFileReference; lastKnownFileType = wrapper.framework; name = UIKit.framework; path = System/Library/Frameworks/UIKit.framework; sourceTree = SDKROOT; };
		DE518B8717DE880000B1206A /* Foundation.framework */ = {isa = PBXFileReference; lastKnownFileType = wrapper.framework; name = Foundation.framework; path = System/Library/Frameworks/Foundation.framework; sourceTree = SDKROOT; };
		DE518B8917DE880000B1206A /* CoreGraphics.framework */ = {isa = PBXFileReference; lastKnownFileType = wrapper.framework; name = CoreGraphics.framework; path = System/Library/Frameworks/CoreGraphics.framework; sourceTree = SDKROOT; };
		DE763D4417F35FA0009BB3BE /* EKAddEViewController.h */ = {isa = PBXFileReference; fileEncoding = 4; lastKnownFileType = sourcecode.c.h; path = EKAddEViewController.h; sourceTree = "<group>"; };
		DE763D4517F35FA0009BB3BE /* EKAddEViewController.m */ = {isa = PBXFileReference; fileEncoding = 4; lastKnownFileType = sourcecode.c.objc; lineEnding = 0; path = EKAddEViewController.m; sourceTree = "<group>"; xcLanguageSpecificationIdentifier = xcode.lang.objc; };
		DE763D4717F36745009BB3BE /* EKAddEView.h */ = {isa = PBXFileReference; fileEncoding = 4; lastKnownFileType = sourcecode.c.h; path = EKAddEView.h; sourceTree = "<group>"; };
		DE763D4817F36745009BB3BE /* EKAddEView.m */ = {isa = PBXFileReference; fileEncoding = 4; lastKnownFileType = sourcecode.c.objc; path = EKAddEView.m; sourceTree = "<group>"; };
		DE78634417EF21B2001CBA06 /* EKListView.h */ = {isa = PBXFileReference; fileEncoding = 4; lastKnownFileType = sourcecode.c.h; path = EKListView.h; sourceTree = "<group>"; };
		DE78634517EF21B2001CBA06 /* EKListView.m */ = {isa = PBXFileReference; fileEncoding = 4; lastKnownFileType = sourcecode.c.objc; path = EKListView.m; sourceTree = "<group>"; };
		DE78634717EF2C74001CBA06 /* EKListViewTableProvider.h */ = {isa = PBXFileReference; fileEncoding = 4; lastKnownFileType = sourcecode.c.h; path = EKListViewTableProvider.h; sourceTree = "<group>"; };
		DE78634817EF2C74001CBA06 /* EKListViewTableProvider.m */ = {isa = PBXFileReference; fileEncoding = 4; lastKnownFileType = sourcecode.c.objc; lineEnding = 0; path = EKListViewTableProvider.m; sourceTree = "<group>"; xcLanguageSpecificationIdentifier = xcode.lang.objc; };
		DE78634A17EF2CAD001CBA06 /* EKAdditiveDescription.h */ = {isa = PBXFileReference; fileEncoding = 4; lastKnownFileType = sourcecode.c.h; path = EKAdditiveDescription.h; sourceTree = "<group>"; };
		DE78634B17EF2CAD001CBA06 /* EKAdditiveDescription.m */ = {isa = PBXFileReference; fileEncoding = 4; lastKnownFileType = sourcecode.c.objc; path = EKAdditiveDescription.m; sourceTree = "<group>"; };
		DE78634D17EF3F99001CBA06 /* EKDetailView.h */ = {isa = PBXFileReference; fileEncoding = 4; lastKnownFileType = sourcecode.c.h; path = EKDetailView.h; sourceTree = "<group>"; };
		DE78634E17EF3F99001CBA06 /* EKDetailView.m */ = {isa = PBXFileReference; fileEncoding = 4; lastKnownFileType = sourcecode.c.objc; path = EKDetailView.m; sourceTree = "<group>"; };
		DE78635017EF884F001CBA06 /* search_background.png */ = {isa = PBXFileReference; lastKnownFileType = image.png; path = search_background.png; sourceTree = "<group>"; };
		DE78635117EF884F001CBA06 /* search_background@2x.png */ = {isa = PBXFileReference; lastKnownFileType = image.png; path = "search_background@2x.png"; sourceTree = "<group>"; };
		DE78635217EF884F001CBA06 /* search.png */ = {isa = PBXFileReference; lastKnownFileType = image.png; path = search.png; sourceTree = "<group>"; };
		DE78635317EF884F001CBA06 /* search@2x.png */ = {isa = PBXFileReference; lastKnownFileType = image.png; path = "search@2x.png"; sourceTree = "<group>"; };
		DE834C4C17EE48C6000714A6 /* QuartzCore.framework */ = {isa = PBXFileReference; lastKnownFileType = wrapper.framework; name = QuartzCore.framework; path = System/Library/Frameworks/QuartzCore.framework; sourceTree = SDKROOT; };
		DEB0112917FACFAB00304485 /* EKSettingsProvider.h */ = {isa = PBXFileReference; fileEncoding = 4; lastKnownFileType = sourcecode.c.h; path = EKSettingsProvider.h; sourceTree = "<group>"; };
		DEB0112A17FACFAB00304485 /* EKSettingsProvider.m */ = {isa = PBXFileReference; fileEncoding = 4; lastKnownFileType = sourcecode.c.objc; path = EKSettingsProvider.m; sourceTree = "<group>"; };
		DEB4CFF817F5C533007BBB30 /* EKAttributedStringUtil.h */ = {isa = PBXFileReference; fileEncoding = 4; lastKnownFileType = sourcecode.c.h; path = EKAttributedStringUtil.h; sourceTree = "<group>"; };
		DEB4CFF917F5C533007BBB30 /* EKAttributedStringUtil.m */ = {isa = PBXFileReference; fileEncoding = 4; lastKnownFileType = sourcecode.c.objc; path = EKAttributedStringUtil.m; sourceTree = "<group>"; };
		DEB4CFFE17F5E4A5007BBB30 /* EKTextField.h */ = {isa = PBXFileReference; fileEncoding = 4; lastKnownFileType = sourcecode.c.h; path = EKTextField.h; sourceTree = "<group>"; };
		DEB4CFFF17F5E4A5007BBB30 /* EKTextField.m */ = {isa = PBXFileReference; fileEncoding = 4; lastKnownFileType = sourcecode.c.objc; path = EKTextField.m; sourceTree = "<group>"; };
		DED8648B17F8C09A0055D77A /* CommonConstants.h */ = {isa = PBXFileReference; fileEncoding = 4; lastKnownFileType = sourcecode.c.h; lineEnding = 0; path = CommonConstants.h; sourceTree = "<group>"; xcLanguageSpecificationIdentifier = xcode.lang.objcpp; };
		DED8648C17F8C6AD0055D77A /* EKTableSectionHeaderView.h */ = {isa = PBXFileReference; fileEncoding = 4; lastKnownFileType = sourcecode.c.h; path = EKTableSectionHeaderView.h; sourceTree = "<group>"; };
		DED8648D17F8C6AE0055D77A /* EKTableSectionHeaderView.m */ = {isa = PBXFileReference; fileEncoding = 4; lastKnownFileType = sourcecode.c.objc; path = EKTableSectionHeaderView.m; sourceTree = "<group>"; };
		DEDFDC7A17FECDF1006D9FC6 /* bar.png */ = {isa = PBXFileReference; lastKnownFileType = image.png; path = bar.png; sourceTree = "<group>"; };
/* End PBXFileReference section */

/* Begin PBXFrameworksBuildPhase section */
		DE518B7F17DE880000B1206A /* Frameworks */ = {
			isa = PBXFrameworksBuildPhase;
			buildActionMask = 2147483647;
			files = (
				DE44991517F0DE9C0091519D /* CoreData.framework in Frameworks */,
				DE834C4D17EE48C6000714A6 /* QuartzCore.framework in Frameworks */,
				DE518B8617DE880000B1206A /* UIKit.framework in Frameworks */,
				DE518B8817DE880000B1206A /* Foundation.framework in Frameworks */,
				DE518B8A17DE880000B1206A /* CoreGraphics.framework in Frameworks */,
				588FC3D1AF36496C8418FBFC /* libPods-iKnowE.a in Frameworks */,
			);
			runOnlyForDeploymentPostprocessing = 0;
		};
/* End PBXFrameworksBuildPhase section */

/* Begin PBXGroup section */
		DE00B2E517FC1EA600703C82 /* Fonts */ = {
			isa = PBXGroup;
			children = (
				DE00B2F017FC273C00703C82 /* CicleSemi.ttf */,
				DE00B2EE17FC26B300703C82 /* CicleFina.ttf */,
				DE00B2E617FC1EA600703C82 /* Neometric-Medium.otf */,
			);
			path = Fonts;
			sourceTree = "<group>";
		};
		DE1B08D817EE0C6600164B62 /* iKnowE */ = {
			isa = PBXGroup;
			children = (
				DE1B08D917EE0C6600164B62 /* Classes */,
				DE1B08ED17EE0C6600164B62 /* Resourses */,
				DE1B08E817EE0C6600164B62 /* InfoPlist.strings */,
				DE1B08EA17EE0C6600164B62 /* iKnowE-Info.plist */,
				DE1B08EB17EE0C6600164B62 /* iKnowE-Prefix.pch */,
				DE1B08EC17EE0C6600164B62 /* main.m */,
			);
			path = iKnowE;
			sourceTree = "<group>";
		};
		DE1B08D917EE0C6600164B62 /* Classes */ = {
			isa = PBXGroup;
			children = (
				DE1B08DA17EE0C6600164B62 /* Controllers */,
				DE1B08DF17EE0C6600164B62 /* EKAppDelegate.h */,
				DE1B08E017EE0C6600164B62 /* EKAppDelegate.m */,
				DE1B08E117EE0C6600164B62 /* Helpers */,
				DE1B08E417EE0C6600164B62 /* Models */,
				DE1B08E717EE0C6600164B62 /* Views */,
			);
			path = Classes;
			sourceTree = "<group>";
		};
		DE1B08DA17EE0C6600164B62 /* Controllers */ = {
			isa = PBXGroup;
			children = (
				DE1B08DB17EE0C6600164B62 /* EKDetailViewController.h */,
				DE1B08DC17EE0C6600164B62 /* EKDetailViewController.m */,
				DE1B08DD17EE0C6600164B62 /* EKListViewController.h */,
				DE1B08DE17EE0C6600164B62 /* EKListViewController.m */,
				DE763D4417F35FA0009BB3BE /* EKAddEViewController.h */,
				DE763D4517F35FA0009BB3BE /* EKAddEViewController.m */,
			);
			path = Controllers;
			sourceTree = "<group>";
		};
		DE1B08E117EE0C6600164B62 /* Helpers */ = {
			isa = PBXGroup;
			children = (
				DE44991617F0DEE90091519D /* EKCoreDataProvider.h */,
				DE44991717F0DEE90091519D /* EKCoreDataProvider.m */,
				DE1B08E217EE0C6600164B62 /* EKPlistDataProvider.h */,
				DE1B08E317EE0C6600164B62 /* EKPlistDataProvider.m */,
				DE78634717EF2C74001CBA06 /* EKListViewTableProvider.h */,
				DE78634817EF2C74001CBA06 /* EKListViewTableProvider.m */,
				DEB4CFF817F5C533007BBB30 /* EKAttributedStringUtil.h */,
				DEB4CFF917F5C533007BBB30 /* EKAttributedStringUtil.m */,
				DED8648B17F8C09A0055D77A /* CommonConstants.h */,
				DEB0112917FACFAB00304485 /* EKSettingsProvider.h */,
				DEB0112A17FACFAB00304485 /* EKSettingsProvider.m */,
			);
			path = Helpers;
			sourceTree = "<group>";
		};
		DE1B08E417EE0C6600164B62 /* Models */ = {
			isa = PBXGroup;
			children = (
				DE78634A17EF2CAD001CBA06 /* EKAdditiveDescription.h */,
				DE78634B17EF2CAD001CBA06 /* EKAdditiveDescription.m */,
				DE1B08E517EE0C6600164B62 /* additivies.plist */,
				DE1B08E617EE0C6600164B62 /* categories.plist */,
				DE27EDA817F50295001A183E /* UserAdditive.xcdatamodeld */,
				DE0F155C17F788B000DF4778 /* Additive.h */,
				DE0F155D17F788B000DF4778 /* Additive.m */,
			);
			path = Models;
			sourceTree = "<group>";
		};
		DE1B08E717EE0C6600164B62 /* Views */ = {
			isa = PBXGroup;
			children = (
				DE78634417EF21B2001CBA06 /* EKListView.h */,
				DE78634517EF21B2001CBA06 /* EKListView.m */,
				DE78634D17EF3F99001CBA06 /* EKDetailView.h */,
				DE78634E17EF3F99001CBA06 /* EKDetailView.m */,
				DE763D4717F36745009BB3BE /* EKAddEView.h */,
				DE763D4817F36745009BB3BE /* EKAddEView.m */,
				DEB4CFFE17F5E4A5007BBB30 /* EKTextField.h */,
				DEB4CFFF17F5E4A5007BBB30 /* EKTextField.m */,
				DED8648C17F8C6AD0055D77A /* EKTableSectionHeaderView.h */,
				DED8648D17F8C6AE0055D77A /* EKTableSectionHeaderView.m */,
				DE0D44AD1800745500E00F35 /* EKPlaceholderTextView.h */,
				DE0D44AE1800745500E00F35 /* EKPlaceholderTextView.m */,
			);
			path = Views;
			sourceTree = "<group>";
		};
		DE1B08ED17EE0C6600164B62 /* Resourses */ = {
			isa = PBXGroup;
			children = (
				DE00B2E517FC1EA600703C82 /* Fonts */,
				DE1B08EE17EE0C6600164B62 /* Images */,
			);
			path = Resourses;
			sourceTree = "<group>";
		};
		DE1B08EE17EE0C6600164B62 /* Images */ = {
			isa = PBXGroup;
			children = (
				DEDFDC7A17FECDF1006D9FC6 /* bar.png */,
				DE4B783817F20ACD003F96F5 /* cnacel-bt@2x.png */,
				DE4B783917F20ACD003F96F5 /* reject@2x.png */,
				DE78635017EF884F001CBA06 /* search_background.png */,
				DE78635117EF884F001CBA06 /* search_background@2x.png */,
				DE78635217EF884F001CBA06 /* search.png */,
				DE78635317EF884F001CBA06 /* search@2x.png */,
				DE1B08EF17EE0C6600164B62 /* Default-568h@2x.png */,
				DE1B08F017EE0C6600164B62 /* Default.png */,
				DE1B08F117EE0C6600164B62 /* Default@2x.png */,
			);
			path = Images;
			sourceTree = "<group>";
		};
		DE518B7917DE880000B1206A = {
			isa = PBXGroup;
			children = (
				DE1B08D817EE0C6600164B62 /* iKnowE */,
				DE518B8417DE880000B1206A /* Frameworks */,
				DE518B8317DE880000B1206A /* Products */,
				C118995DA6184FBCAF3BD8F1 /* Pods-iKnowE.xcconfig */,
			);
			sourceTree = "<group>";
		};
		DE518B8317DE880000B1206A /* Products */ = {
			isa = PBXGroup;
			children = (
				DE518B8217DE880000B1206A /* iKnowE.app */,
			);
			name = Products;
			sourceTree = "<group>";
		};
		DE518B8417DE880000B1206A /* Frameworks */ = {
			isa = PBXGroup;
			children = (
				DE44991417F0DE9C0091519D /* CoreData.framework */,
				DE834C4C17EE48C6000714A6 /* QuartzCore.framework */,
				DE518B8517DE880000B1206A /* UIKit.framework */,
				DE518B8717DE880000B1206A /* Foundation.framework */,
				DE518B8917DE880000B1206A /* CoreGraphics.framework */,
				DB711FF645704458B029D483 /* libPods-iKnowE.a */,
			);
			name = Frameworks;
			sourceTree = "<group>";
		};
/* End PBXGroup section */

/* Begin PBXNativeTarget section */
		DE518B8117DE880000B1206A /* iKnowE */ = {
			isa = PBXNativeTarget;
			buildConfigurationList = DE518BA517DE880000B1206A /* Build configuration list for PBXNativeTarget "iKnowE" */;
			buildPhases = (
				76144D8A16014ED6AEC67C2B /* Check Pods Manifest.lock */,
				DE518B7E17DE880000B1206A /* Sources */,
				DE518B7F17DE880000B1206A /* Frameworks */,
				DE518B8017DE880000B1206A /* Resources */,
				41A30DAFD8974E00A91A4706 /* Copy Pods Resources */,
			);
			buildRules = (
			);
			dependencies = (
			);
			name = iKnowE;
			productName = iSayNo;
			productReference = DE518B8217DE880000B1206A /* iKnowE.app */;
			productType = "com.apple.product-type.application";
		};
/* End PBXNativeTarget section */

/* Begin PBXProject section */
		DE518B7A17DE880000B1206A /* Project object */ = {
			isa = PBXProject;
			attributes = {
				CLASSPREFIX = EK;
				LastUpgradeCheck = 0460;
				ORGANIZATIONNAME = EvgenyKarkan;
			};
			buildConfigurationList = DE518B7D17DE880000B1206A /* Build configuration list for PBXProject "iKnowE" */;
			compatibilityVersion = "Xcode 3.2";
			developmentRegion = English;
			hasScannedForEncodings = 0;
			knownRegions = (
				en,
			);
			mainGroup = DE518B7917DE880000B1206A;
			productRefGroup = DE518B8317DE880000B1206A /* Products */;
			projectDirPath = "";
			projectRoot = "";
			targets = (
				DE518B8117DE880000B1206A /* iKnowE */,
			);
		};
/* End PBXProject section */

/* Begin PBXResourcesBuildPhase section */
		DE518B8017DE880000B1206A /* Resources */ = {
			isa = PBXResourcesBuildPhase;
			buildActionMask = 2147483647;
			files = (
				DE1B08F717EE0C6700164B62 /* additivies.plist in Resources */,
				DE1B08F817EE0C6700164B62 /* categories.plist in Resources */,
				DE1B08F917EE0C6700164B62 /* InfoPlist.strings in Resources */,
				DE1B08FC17EE0C6700164B62 /* Default-568h@2x.png in Resources */,
				DE1B08FD17EE0C6700164B62 /* Default.png in Resources */,
				DE1B08FE17EE0C6700164B62 /* Default@2x.png in Resources */,
				DE78635417EF884F001CBA06 /* search_background.png in Resources */,
				DE78635517EF884F001CBA06 /* search_background@2x.png in Resources */,
				DE78635617EF884F001CBA06 /* search.png in Resources */,
				DE78635717EF884F001CBA06 /* search@2x.png in Resources */,
				DE4B783A17F20ACD003F96F5 /* cnacel-bt@2x.png in Resources */,
				DE4B783B17F20ACD003F96F5 /* reject@2x.png in Resources */,
				DE00B2E817FC1EA600703C82 /* Neometric-Medium.otf in Resources */,
				DE00B2EF17FC26B300703C82 /* CicleFina.ttf in Resources */,
				DE00B2F117FC273C00703C82 /* CicleSemi.ttf in Resources */,
				DEDFDC7B17FECDF1006D9FC6 /* bar.png in Resources */,
			);
			runOnlyForDeploymentPostprocessing = 0;
		};
/* End PBXResourcesBuildPhase section */

/* Begin PBXShellScriptBuildPhase section */
		41A30DAFD8974E00A91A4706 /* Copy Pods Resources */ = {
			isa = PBXShellScriptBuildPhase;
			buildActionMask = 2147483647;
			files = (
			);
			inputPaths = (
			);
			name = "Copy Pods Resources";
			outputPaths = (
			);
			runOnlyForDeploymentPostprocessing = 0;
			shellPath = /bin/sh;
			shellScript = "\"${SRCROOT}/Pods/Pods-iKnowE-resources.sh\"\n";
			showEnvVarsInLog = 0;
		};
		76144D8A16014ED6AEC67C2B /* Check Pods Manifest.lock */ = {
			isa = PBXShellScriptBuildPhase;
			buildActionMask = 2147483647;
			files = (
			);
			inputPaths = (
			);
			name = "Check Pods Manifest.lock";
			outputPaths = (
			);
			runOnlyForDeploymentPostprocessing = 0;
			shellPath = /bin/sh;
			shellScript = "diff \"${PODS_ROOT}/../Podfile.lock\" \"${PODS_ROOT}/Manifest.lock\" > /dev/null\nif [[ $? != 0 ]] ; then\n    cat << EOM\nerror: The sandbox is not in sync with the Podfile.lock. Run 'pod install' or update your CocoaPods installation.\nEOM\n    exit 1\nfi\n";
			showEnvVarsInLog = 0;
		};
/* End PBXShellScriptBuildPhase section */

/* Begin PBXSourcesBuildPhase section */
		DE518B7E17DE880000B1206A /* Sources */ = {
			isa = PBXSourcesBuildPhase;
			buildActionMask = 2147483647;
			files = (
				DE1B08F317EE0C6700164B62 /* EKDetailViewController.m in Sources */,
				DE1B08F417EE0C6700164B62 /* EKListViewController.m in Sources */,
				DE1B08F517EE0C6700164B62 /* EKAppDelegate.m in Sources */,
				DE1B08F617EE0C6700164B62 /* EKPlistDataProvider.m in Sources */,
				DE1B08FB17EE0C6700164B62 /* main.m in Sources */,
				DE78634617EF21B2001CBA06 /* EKListView.m in Sources */,
				DE78634917EF2C74001CBA06 /* EKListViewTableProvider.m in Sources */,
				DE78634C17EF2CAD001CBA06 /* EKAdditiveDescription.m in Sources */,
				DE78634F17EF3F99001CBA06 /* EKDetailView.m in Sources */,
				DE44991817F0DEEA0091519D /* EKCoreDataProvider.m in Sources */,
				DE763D4617F35FA0009BB3BE /* EKAddEViewController.m in Sources */,
				DE0D44AF1800745500E00F35 /* EKPlaceholderTextView.m in Sources */,
				DE763D4917F36745009BB3BE /* EKAddEView.m in Sources */,
				DE27EDAA17F50295001A183E /* UserAdditive.xcdatamodeld in Sources */,
				DEB4CFFA17F5C533007BBB30 /* EKAttributedStringUtil.m in Sources */,
				DEB4D00017F5E4A5007BBB30 /* EKTextField.m in Sources */,
				DE0F155E17F788B000DF4778 /* Additive.m in Sources */,
				DED8648E17F8C6AF0055D77A /* EKTableSectionHeaderView.m in Sources */,
				DEB0112B17FACFAB00304485 /* EKSettingsProvider.m in Sources */,
			);
			runOnlyForDeploymentPostprocessing = 0;
		};
/* End PBXSourcesBuildPhase section */

/* Begin PBXVariantGroup section */
		DE1B08E817EE0C6600164B62 /* InfoPlist.strings */ = {
			isa = PBXVariantGroup;
			children = (
				DE1B08E917EE0C6600164B62 /* en */,
			);
			name = InfoPlist.strings;
			sourceTree = "<group>";
		};
/* End PBXVariantGroup section */

/* Begin XCBuildConfiguration section */
		DE518BA317DE880000B1206A /* Debug */ = {
			isa = XCBuildConfiguration;
			buildSettings = {
				ALWAYS_SEARCH_USER_PATHS = NO;
				CLANG_CXX_LANGUAGE_STANDARD = "gnu++0x";
				CLANG_CXX_LIBRARY = "libc++";
				CLANG_ENABLE_OBJC_ARC = YES;
				CLANG_WARN_CONSTANT_CONVERSION = YES;
				CLANG_WARN_EMPTY_BODY = YES;
				CLANG_WARN_ENUM_CONVERSION = YES;
				CLANG_WARN_INT_CONVERSION = YES;
				CLANG_WARN__DUPLICATE_METHOD_MATCH = YES;
				"CODE_SIGN_IDENTITY[sdk=iphoneos*]" = "iPhone Developer";
				COPY_PHASE_STRIP = NO;
				GCC_C_LANGUAGE_STANDARD = gnu99;
				GCC_DYNAMIC_NO_PIC = NO;
				GCC_OPTIMIZATION_LEVEL = 0;
				GCC_PREPROCESSOR_DEFINITIONS = (
					"DEBUG=1",
					"$(inherited)",
				);
				GCC_SYMBOLS_PRIVATE_EXTERN = NO;
				GCC_WARN_ABOUT_RETURN_TYPE = YES;
				GCC_WARN_UNINITIALIZED_AUTOS = YES;
				GCC_WARN_UNUSED_VARIABLE = YES;
				IPHONEOS_DEPLOYMENT_TARGET = 6.0;
				ONLY_ACTIVE_ARCH = YES;
				SDKROOT = iphoneos;
				TARGETED_DEVICE_FAMILY = 2;
			};
			name = Debug;
		};
		DE518BA417DE880000B1206A /* Release */ = {
			isa = XCBuildConfiguration;
			buildSettings = {
				ALWAYS_SEARCH_USER_PATHS = NO;
				CLANG_CXX_LANGUAGE_STANDARD = "gnu++0x";
				CLANG_CXX_LIBRARY = "libc++";
				CLANG_ENABLE_OBJC_ARC = YES;
				CLANG_WARN_CONSTANT_CONVERSION = YES;
				CLANG_WARN_EMPTY_BODY = YES;
				CLANG_WARN_ENUM_CONVERSION = YES;
				CLANG_WARN_INT_CONVERSION = YES;
				CLANG_WARN__DUPLICATE_METHOD_MATCH = YES;
				"CODE_SIGN_IDENTITY[sdk=iphoneos*]" = "iPhone Developer";
				COPY_PHASE_STRIP = YES;
				GCC_C_LANGUAGE_STANDARD = gnu99;
				GCC_WARN_ABOUT_RETURN_TYPE = YES;
				GCC_WARN_UNINITIALIZED_AUTOS = YES;
				GCC_WARN_UNUSED_VARIABLE = YES;
				IPHONEOS_DEPLOYMENT_TARGET = 6.0;
				OTHER_CFLAGS = "-DNS_BLOCK_ASSERTIONS=1";
				SDKROOT = iphoneos;
				TARGETED_DEVICE_FAMILY = 2;
				VALIDATE_PRODUCT = YES;
			};
			name = Release;
		};
		DE518BA617DE880000B1206A /* Debug */ = {
			isa = XCBuildConfiguration;
			baseConfigurationReference = C118995DA6184FBCAF3BD8F1 /* Pods-iKnowE.xcconfig */;
			buildSettings = {
				GCC_PRECOMPILE_PREFIX_HEADER = YES;
				GCC_PREFIX_HEADER = "iKnowE/iKnowE-Prefix.pch";
				INFOPLIST_FILE = "iKnowE/iKnowE-Info.plist";
				IPHONEOS_DEPLOYMENT_TARGET = 6.1;
				PRODUCT_NAME = iKnowE;
				SDKROOT = iphoneos7.0;
				WRAPPER_EXTENSION = app;
			};
			name = Debug;
		};
		DE518BA717DE880000B1206A /* Release */ = {
			isa = XCBuildConfiguration;
			baseConfigurationReference = C118995DA6184FBCAF3BD8F1 /* Pods-iKnowE.xcconfig */;
			buildSettings = {
				GCC_PRECOMPILE_PREFIX_HEADER = YES;
				GCC_PREFIX_HEADER = "iKnowE/iKnowE-Prefix.pch";
				INFOPLIST_FILE = "iKnowE/iKnowE-Info.plist";
				IPHONEOS_DEPLOYMENT_TARGET = 6.1;
				PRODUCT_NAME = iKnowE;
				SDKROOT = iphoneos7.0;
				WRAPPER_EXTENSION = app;
			};
			name = Release;
		};
/* End XCBuildConfiguration section */

/* Begin XCConfigurationList section */
		DE518B7D17DE880000B1206A /* Build configuration list for PBXProject "iKnowE" */ = {
			isa = XCConfigurationList;
			buildConfigurations = (
				DE518BA317DE880000B1206A /* Debug */,
				DE518BA417DE880000B1206A /* Release */,
			);
			defaultConfigurationIsVisible = 0;
			defaultConfigurationName = Release;
		};
		DE518BA517DE880000B1206A /* Build configuration list for PBXNativeTarget "iKnowE" */ = {
			isa = XCConfigurationList;
			buildConfigurations = (
				DE518BA617DE880000B1206A /* Debug */,
				DE518BA717DE880000B1206A /* Release */,
			);
			defaultConfigurationIsVisible = 0;
			defaultConfigurationName = Release;
		};
/* End XCConfigurationList section */

/* Begin XCVersionGroup section */
		DE27EDA817F50295001A183E /* UserAdditive.xcdatamodeld */ = {
			isa = XCVersionGroup;
			children = (
				DE27EDA917F50295001A183E /* UserAdditive.xcdatamodel */,
			);
			currentVersion = DE27EDA917F50295001A183E /* UserAdditive.xcdatamodel */;
			path = UserAdditive.xcdatamodeld;
			sourceTree = "<group>";
			versionGroupType = wrapper.xcdatamodel;
		};
/* End XCVersionGroup section */
	};
	rootObject = DE518B7A17DE880000B1206A /* Project object */;
}
